
Microsoft Visual Studio Solution File, Format Version 12.00
# Visual Studio Version 17
VisualStudioVersion = 17.8.34330.188
MinimumVisualStudioVersion = 10.0.40219.1
Project("{9A19103F-16F7-4668-BE54-9A1E7A4F7556}") = "apiPermissions", "apiPermissions\apiPermissions.csproj", "{A28D0A27-27F5-4A8D-9CC7-AEEEAA080E4D}"
EndProject
Project("{E53339B2-1760-4266-BCC7-CA923CBCF16C}") = "docker-compose", "docker-compose.dcproj", "{2D3C9515-8234-4FE2-B006-010C46A3596D}"
EndProject
Global
	GlobalSection(SolutionConfigurationPlatforms) = preSolution
		Debug|Any CPU = Debug|Any CPU
		Release|Any CPU = Release|Any CPU
	EndGlobalSection
	GlobalSection(ProjectConfigurationPlatforms) = postSolution
		{A28D0A27-27F5-4A8D-9CC7-AEEEAA080E4D}.Debug|Any CPU.ActiveCfg = Debug|Any CPU
		{A28D0A27-27F5-4A8D-9CC7-AEEEAA080E4D}.Debug|Any CPU.Build.0 = Debug|Any CPU
		{A28D0A27-27F5-4A8D-9CC7-AEEEAA080E4D}.Release|Any CPU.ActiveCfg = Release|Any CPU
		{A28D0A27-27F5-4A8D-9CC7-AEEEAA080E4D}.Release|Any CPU.Build.0 = Release|Any CPU
		{2D3C9515-8234-4FE2-B006-010C46A3596D}.Debug|Any CPU.ActiveCfg = Debug|Any CPU
		{2D3C9515-8234-4FE2-B006-010C46A3596D}.Debug|Any CPU.Build.0 = Debug|Any CPU
		{2D3C9515-8234-4FE2-B006-010C46A3596D}.Release|Any CPU.ActiveCfg = Release|Any CPU
		{2D3C9515-8234-4FE2-B006-010C46A3596D}.Release|Any CPU.Build.0 = Release|Any CPU
	EndGlobalSection
	GlobalSection(SolutionProperties) = preSolution
		HideSolutionNode = FALSE
	EndGlobalSection
	GlobalSection(ExtensibilityGlobals) = postSolution
		SolutionGuid = {17437808-9811-479E-8156-12D78FF8B87D}
	EndGlobalSection
EndGlobal
